// !$*UTF8*$!
{
	archiveVersion = 1;
	classes = {
	};
	objectVersion = 46;
	objects = {

/* Begin PBXBuildFile section */
		242695881B672B7A00E69AFE /* Graphics.atlas in Resources */ = {isa = PBXBuildFile; fileRef = 242695871B672B7A00E69AFE /* Graphics.atlas */; };
		2426958A1B672C5800E69AFE /* Plane.swift in Sources */ = {isa = PBXBuildFile; fileRef = 242695891B672C5800E69AFE /* Plane.swift */; };
		24B154841B67837D00AFFF39 /* PlanePuffTrail.sks in Resources */ = {isa = PBXBuildFile; fileRef = 24B154821B67837D00AFFF39 /* PlanePuffTrail.sks */; };
		24B154851B67837D00AFFF39 /* spark.png in Resources */ = {isa = PBXBuildFile; fileRef = 24B154831B67837D00AFFF39 /* spark.png */; };
		24B645321B67DF8D004E23E1 /* ScrollingNode.swift in Sources */ = {isa = PBXBuildFile; fileRef = 24B645311B67DF8D004E23E1 /* ScrollingNode.swift */; };
		24B645341B67E1AE004E23E1 /* ScrollingLayer.swift in Sources */ = {isa = PBXBuildFile; fileRef = 24B645331B67E1AE004E23E1 /* ScrollingLayer.swift */; };
		24BDE74B1B671DD4003C18BE /* AppDelegate.swift in Sources */ = {isa = PBXBuildFile; fileRef = 24BDE74A1B671DD4003C18BE /* AppDelegate.swift */; };
		24BDE74F1B671DD4003C18BE /* GameScene.swift in Sources */ = {isa = PBXBuildFile; fileRef = 24BDE74E1B671DD4003C18BE /* GameScene.swift */; };
		24BDE7511B671DD4003C18BE /* GameViewController.swift in Sources */ = {isa = PBXBuildFile; fileRef = 24BDE7501B671DD4003C18BE /* GameViewController.swift */; };
		24BDE7541B671DD4003C18BE /* Main.storyboard in Resources */ = {isa = PBXBuildFile; fileRef = 24BDE7521B671DD4003C18BE /* Main.storyboard */; };
		24BDE7561B671DD4003C18BE /* Images.xcassets in Resources */ = {isa = PBXBuildFile; fileRef = 24BDE7551B671DD4003C18BE /* Images.xcassets */; };
		24BDE7591B671DD4003C18BE /* LaunchScreen.xib in Resources */ = {isa = PBXBuildFile; fileRef = 24BDE7571B671DD4003C18BE /* LaunchScreen.xib */; };
		24BDE7651B671DD4003C18BE /* TappyPlaneTests.swift in Sources */ = {isa = PBXBuildFile; fileRef = 24BDE7641B671DD4003C18BE /* TappyPlaneTests.swift */; };
		24C7334F1B6748C700EE2F43 /* PlaneAnimations.plist in Resources */ = {isa = PBXBuildFile; fileRef = 24C7334E1B6748C700EE2F43 /* PlaneAnimations.plist */; };
/* End PBXBuildFile section */

/* Begin PBXContainerItemProxy section */
		24BDE75F1B671DD4003C18BE /* PBXContainerItemProxy */ = {
			isa = PBXContainerItemProxy;
			containerPortal = 24BDE73D1B671DD3003C18BE /* Project object */;
			proxyType = 1;
			remoteGlobalIDString = 24BDE7441B671DD3003C18BE;
			remoteInfo = TappyPlane;
		};
/* End PBXContainerItemProxy section */

/* Begin PBXFileReference section */
		242695871B672B7A00E69AFE /* Graphics.atlas */ = {isa = PBXFileReference; lastKnownFileType = folder.skatlas; path = Graphics.atlas; sourceTree = "<group>"; };
		242695891B672C5800E69AFE /* Plane.swift */ = {isa = PBXFileReference; fileEncoding = 4; lastKnownFileType = sourcecode.swift; path = Plane.swift; sourceTree = "<group>"; };
		24B154821B67837D00AFFF39 /* PlanePuffTrail.sks */ = {isa = PBXFileReference; lastKnownFileType = file.sks; path = PlanePuffTrail.sks; sourceTree = "<group>"; };
		24B154831B67837D00AFFF39 /* spark.png */ = {isa = PBXFileReference; lastKnownFileType = image.png; path = spark.png; sourceTree = "<group>"; };
		24B645311B67DF8D004E23E1 /* ScrollingNode.swift */ = {isa = PBXFileReference; fileEncoding = 4; lastKnownFileType = sourcecode.swift; path = ScrollingNode.swift; sourceTree = "<group>"; };
		24B645331B67E1AE004E23E1 /* ScrollingLayer.swift */ = {isa = PBXFileReference; fileEncoding = 4; lastKnownFileType = sourcecode.swift; path = ScrollingLayer.swift; sourceTree = "<group>"; };
		24BDE7451B671DD3003C18BE /* TappyPlane.app */ = {isa = PBXFileReference; explicitFileType = wrapper.application; includeInIndex = 0; path = TappyPlane.app; sourceTree = BUILT_PRODUCTS_DIR; };
		24BDE7491B671DD4003C18BE /* Info.plist */ = {isa = PBXFileReference; lastKnownFileType = text.plist.xml; path = Info.plist; sourceTree = "<group>"; };
		24BDE74A1B671DD4003C18BE /* AppDelegate.swift */ = {isa = PBXFileReference; lastKnownFileType = sourcecode.swift; path = AppDelegate.swift; sourceTree = "<group>"; };
		24BDE74E1B671DD4003C18BE /* GameScene.swift */ = {isa = PBXFileReference; lastKnownFileType = sourcecode.swift; path = GameScene.swift; sourceTree = "<group>"; };
		24BDE7501B671DD4003C18BE /* GameViewController.swift */ = {isa = PBXFileReference; lastKnownFileType = sourcecode.swift; path = GameViewController.swift; sourceTree = "<group>"; };
		24BDE7531B671DD4003C18BE /* Base */ = {isa = PBXFileReference; lastKnownFileType = file.storyboard; name = Base; path = Base.lproj/Main.storyboard; sourceTree = "<group>"; };
		24BDE7551B671DD4003C18BE /* Images.xcassets */ = {isa = PBXFileReference; lastKnownFileType = folder.assetcatalog; path = Images.xcassets; sourceTree = "<group>"; };
		24BDE7581B671DD4003C18BE /* Base */ = {isa = PBXFileReference; lastKnownFileType = file.xib; name = Base; path = Base.lproj/LaunchScreen.xib; sourceTree = "<group>"; };
		24BDE75E1B671DD4003C18BE /* TappyPlaneTests.xctest */ = {isa = PBXFileReference; explicitFileType = wrapper.cfbundle; includeInIndex = 0; path = TappyPlaneTests.xctest; sourceTree = BUILT_PRODUCTS_DIR; };
		24BDE7631B671DD4003C18BE /* Info.plist */ = {isa = PBXFileReference; lastKnownFileType = text.plist.xml; path = Info.plist; sourceTree = "<group>"; };
		24BDE7641B671DD4003C18BE /* TappyPlaneTests.swift */ = {isa = PBXFileReference; lastKnownFileType = sourcecode.swift; path = TappyPlaneTests.swift; sourceTree = "<group>"; };
		24C7334E1B6748C700EE2F43 /* PlaneAnimations.plist */ = {isa = PBXFileReference; fileEncoding = 4; lastKnownFileType = text.plist.xml; path = PlaneAnimations.plist; sourceTree = "<group>"; };
/* End PBXFileReference section */

/* Begin PBXFrameworksBuildPhase section */
		24BDE7421B671DD3003C18BE /* Frameworks */ = {
			isa = PBXFrameworksBuildPhase;
			buildActionMask = 2147483647;
			files = (
			);
			runOnlyForDeploymentPostprocessing = 0;
		};
		24BDE75B1B671DD4003C18BE /* Frameworks */ = {
			isa = PBXFrameworksBuildPhase;
			buildActionMask = 2147483647;
			files = (
			);
			runOnlyForDeploymentPostprocessing = 0;
		};
/* End PBXFrameworksBuildPhase section */

/* Begin PBXGroup section */
		24B154811B67835E00AFFF39 /* Particle Effects */ = {
			isa = PBXGroup;
			children = (
				24B154821B67837D00AFFF39 /* PlanePuffTrail.sks */,
				24B154831B67837D00AFFF39 /* spark.png */,
			);
			name = "Particle Effects";
			sourceTree = "<group>";
		};
		24BDE73C1B671DD3003C18BE = {
			isa = PBXGroup;
			children = (
				24BDE7471B671DD4003C18BE /* TappyPlane */,
				24BDE7611B671DD4003C18BE /* TappyPlaneTests */,
				24BDE7461B671DD3003C18BE /* Products */,
			);
			sourceTree = "<group>";
		};
		24BDE7461B671DD3003C18BE /* Products */ = {
			isa = PBXGroup;
			children = (
				24BDE7451B671DD3003C18BE /* TappyPlane.app */,
				24BDE75E1B671DD4003C18BE /* TappyPlaneTests.xctest */,
			);
			name = Products;
			sourceTree = "<group>";
		};
		24BDE7471B671DD4003C18BE /* TappyPlane */ = {
			isa = PBXGroup;
			children = (
				24B154811B67835E00AFFF39 /* Particle Effects */,
				242695871B672B7A00E69AFE /* Graphics.atlas */,
				24BDE74A1B671DD4003C18BE /* AppDelegate.swift */,
				24BDE74E1B671DD4003C18BE /* GameScene.swift */,
				24B645311B67DF8D004E23E1 /* ScrollingNode.swift */,
				24B645331B67E1AE004E23E1 /* ScrollingLayer.swift */,
				242695891B672C5800E69AFE /* Plane.swift */,
				24BDE7501B671DD4003C18BE /* GameViewController.swift */,
				24C7334E1B6748C700EE2F43 /* PlaneAnimations.plist */,
				24BDE7521B671DD4003C18BE /* Main.storyboard */,
				24BDE7551B671DD4003C18BE /* Images.xcassets */,
				24BDE7571B671DD4003C18BE /* LaunchScreen.xib */,
				24BDE7481B671DD4003C18BE /* Supporting Files */,
			);
			path = TappyPlane;
			sourceTree = "<group>";
		};
		24BDE7481B671DD4003C18BE /* Supporting Files */ = {
			isa = PBXGroup;
			children = (
				24BDE7491B671DD4003C18BE /* Info.plist */,
			);
			name = "Supporting Files";
			sourceTree = "<group>";
		};
		24BDE7611B671DD4003C18BE /* TappyPlaneTests */ = {
			isa = PBXGroup;
			children = (
				24BDE7641B671DD4003C18BE /* TappyPlaneTests.swift */,
				24BDE7621B671DD4003C18BE /* Supporting Files */,
			);
			path = TappyPlaneTests;
			sourceTree = "<group>";
		};
		24BDE7621B671DD4003C18BE /* Supporting Files */ = {
			isa = PBXGroup;
			children = (
				24BDE7631B671DD4003C18BE /* Info.plist */,
			);
			name = "Supporting Files";
			sourceTree = "<group>";
		};
/* End PBXGroup section */

/* Begin PBXNativeTarget section */
		24BDE7441B671DD3003C18BE /* TappyPlane */ = {
			isa = PBXNativeTarget;
			buildConfigurationList = 24BDE7681B671DD4003C18BE /* Build configuration list for PBXNativeTarget "TappyPlane" */;
			buildPhases = (
				24BDE7411B671DD3003C18BE /* Sources */,
				24BDE7421B671DD3003C18BE /* Frameworks */,
				24BDE7431B671DD3003C18BE /* Resources */,
			);
			buildRules = (
			);
			dependencies = (
			);
			name = TappyPlane;
			productName = TappyPlane;
			productReference = 24BDE7451B671DD3003C18BE /* TappyPlane.app */;
			productType = "com.apple.product-type.application";
		};
		24BDE75D1B671DD4003C18BE /* TappyPlaneTests */ = {
			isa = PBXNativeTarget;
			buildConfigurationList = 24BDE76B1B671DD4003C18BE /* Build configuration list for PBXNativeTarget "TappyPlaneTests" */;
			buildPhases = (
				24BDE75A1B671DD4003C18BE /* Sources */,
				24BDE75B1B671DD4003C18BE /* Frameworks */,
				24BDE75C1B671DD4003C18BE /* Resources */,
			);
			buildRules = (
			);
			dependencies = (
				24BDE7601B671DD4003C18BE /* PBXTargetDependency */,
			);
			name = TappyPlaneTests;
			productName = TappyPlaneTests;
			productReference = 24BDE75E1B671DD4003C18BE /* TappyPlaneTests.xctest */;
			productType = "com.apple.product-type.bundle.unit-test";
		};
/* End PBXNativeTarget section */

/* Begin PBXProject section */
		24BDE73D1B671DD3003C18BE /* Project object */ = {
			isa = PBXProject;
			attributes = {
				LastUpgradeCheck = 0640;
				ORGANIZATIONNAME = "Atikur Rahman";
				TargetAttributes = {
					24BDE7441B671DD3003C18BE = {
						CreatedOnToolsVersion = 6.4;
					};
					24BDE75D1B671DD4003C18BE = {
						CreatedOnToolsVersion = 6.4;
						TestTargetID = 24BDE7441B671DD3003C18BE;
					};
				};
			};
			buildConfigurationList = 24BDE7401B671DD3003C18BE /* Build configuration list for PBXProject "TappyPlane" */;
			compatibilityVersion = "Xcode 3.2";
			developmentRegion = English;
			hasScannedForEncodings = 0;
			knownRegions = (
				en,
				Base,
			);
			mainGroup = 24BDE73C1B671DD3003C18BE;
			productRefGroup = 24BDE7461B671DD3003C18BE /* Products */;
			projectDirPath = "";
			projectRoot = "";
			targets = (
				24BDE7441B671DD3003C18BE /* TappyPlane */,
				24BDE75D1B671DD4003C18BE /* TappyPlaneTests */,
			);
		};
/* End PBXProject section */

/* Begin PBXResourcesBuildPhase section */
		24BDE7431B671DD3003C18BE /* Resources */ = {
			isa = PBXResourcesBuildPhase;
			buildActionMask = 2147483647;
			files = (
				24C7334F1B6748C700EE2F43 /* PlaneAnimations.plist in Resources */,
				24BDE7591B671DD4003C18BE /* LaunchScreen.xib in Resources */,
				24B154841B67837D00AFFF39 /* PlanePuffTrail.sks in Resources */,
				24B154851B67837D00AFFF39 /* spark.png in Resources */,
				24BDE7561B671DD4003C18BE /* Images.xcassets in Resources */,
				242695881B672B7A00E69AFE /* Graphics.atlas in Resources */,
				24BDE7541B671DD4003C18BE /* Main.storyboard in Resources */,
			);
			runOnlyForDeploymentPostprocessing = 0;
		};
		24BDE75C1B671DD4003C18BE /* Resources */ = {
			isa = PBXResourcesBuildPhase;
			buildActionMask = 2147483647;
			files = (
			);
			runOnlyForDeploymentPostprocessing = 0;
		};
/* End PBXResourcesBuildPhase section */

/* Begin PBXSourcesBuildPhase section */
		24BDE7411B671DD3003C18BE /* Sources */ = {
			isa = PBXSourcesBuildPhase;
			buildActionMask = 2147483647;
			files = (
				24BDE74F1B671DD4003C18BE /* GameScene.swift in Sources */,
				24B645321B67DF8D004E23E1 /* ScrollingNode.swift in Sources */,
				24BDE7511B671DD4003C18BE /* GameViewController.swift in Sources */,
				2426958A1B672C5800E69AFE /* Plane.swift in Sources */,
				24BDE74B1B671DD4003C18BE /* AppDelegate.swift in Sources */,
				24B645341B67E1AE004E23E1 /* ScrollingLayer.swift in Sources */,
			);
			runOnlyForDeploymentPostprocessing = 0;
		};
		24BDE75A1B671DD4003C18BE /* Sources */ = {
			isa = PBXSourcesBuildPhase;
			buildActionMask = 2147483647;
			files = (
				24BDE7651B671DD4003C18BE /* TappyPlaneTests.swift in Sources */,
			);
			runOnlyForDeploymentPostprocessing = 0;
		};
/* End PBXSourcesBuildPhase section */

/* Begin PBXTargetDependency section */
		24BDE7601B671DD4003C18BE /* PBXTargetDependency */ = {
			isa = PBXTargetDependency;
			target = 24BDE7441B671DD3003C18BE /* TappyPlane */;
			targetProxy = 24BDE75F1B671DD4003C18BE /* PBXContainerItemProxy */;
		};
/* End PBXTargetDependency section */

/* Begin PBXVariantGroup section */
		24BDE7521B671DD4003C18BE /* Main.storyboard */ = {
			isa = PBXVariantGroup;
			children = (
				24BDE7531B671DD4003C18BE /* Base */,
			);
			name = Main.storyboard;
			sourceTree = "<group>";
		};
		24BDE7571B671DD4003C18BE /* LaunchScreen.xib */ = {
			isa = PBXVariantGroup;
			children = (
				24BDE7581B671DD4003C18BE /* Base */,
			);
			name = LaunchScreen.xib;
			sourceTree = "<group>";
		};
/* End PBXVariantGroup section */

/* Begin XCBuildConfiguration section */
		24BDE7661B671DD4003C18BE /* Debug */ = {
			isa = XCBuildConfiguration;
			buildSettings = {
				ALWAYS_SEARCH_USER_PATHS = NO;
				CLANG_CXX_LANGUAGE_STANDARD = "gnu++0x";
				CLANG_CXX_LIBRARY = "libc++";
				CLANG_ENABLE_MODULES = YES;
				CLANG_ENABLE_OBJC_ARC = YES;
				CLANG_WARN_BOOL_CONVERSION = YES;
				CLANG_WARN_CONSTANT_CONVERSION = YES;
				CLANG_WARN_DIRECT_OBJC_ISA_USAGE = YES_ERROR;
				CLANG_WARN_EMPTY_BODY = YES;
				CLANG_WARN_ENUM_CONVERSION = YES;
				CLANG_WARN_INT_CONVERSION = YES;
				CLANG_WARN_OBJC_ROOT_CLASS = YES_ERROR;
				CLANG_WARN_UNREACHABLE_CODE = YES;
				CLANG_WARN__DUPLICATE_METHOD_MATCH = YES;
				"CODE_SIGN_IDENTITY[sdk=iphoneos*]" = "iPhone Developer";
				COPY_PHASE_STRIP = NO;
				DEBUG_INFORMATION_FORMAT = "dwarf-with-dsym";
				ENABLE_STRICT_OBJC_MSGSEND = YES;
				GCC_C_LANGUAGE_STANDARD = gnu99;
				GCC_DYNAMIC_NO_PIC = NO;
				GCC_NO_COMMON_BLOCKS = YES;
				GCC_OPTIMIZATION_LEVEL = 0;
				GCC_PREPROCESSOR_DEFINITIONS = (
					"DEBUG=1",
					"$(inherited)",
				);
				GCC_SYMBOLS_PRIVATE_EXTERN = NO;
				GCC_WARN_64_TO_32_BIT_CONVERSION = YES;
				GCC_WARN_ABOUT_RETURN_TYPE = YES_ERROR;
				GCC_WARN_UNDECLARED_SELECTOR = YES;
				GCC_WARN_UNINITIALIZED_AUTOS = YES_AGGRESSIVE;
				GCC_WARN_UNUSED_FUNCTION = YES;
				GCC_WARN_UNUSED_VARIABLE = YES;
				IPHONEOS_DEPLOYMENT_TARGET = 8.4;
				MTL_ENABLE_DEBUG_INFO = YES;
				ONLY_ACTIVE_ARCH = YES;
				SDKROOT = iphoneos;
				SWIFT_OPTIMIZATION_LEVEL = "-Onone";
			};
			name = Debug;
		};
		24BDE7671B671DD4003C18BE /* Release */ = {
			isa = XCBuildConfiguration;
			buildSettings = {
				ALWAYS_SEARCH_USER_PATHS = NO;
				CLANG_CXX_LANGUAGE_STANDARD = "gnu++0x";
				CLANG_CXX_LIBRARY = "libc++";
				CLANG_ENABLE_MODULES = YES;
				CLANG_ENABLE_OBJC_ARC = YES;
				CLANG_WARN_BOOL_CONVERSION = YES;
				CLANG_WARN_CONSTANT_CONVERSION = YES;
				CLANG_WARN_DIRECT_OBJC_ISA_USAGE = YES_ERROR;
				CLANG_WARN_EMPTY_BODY = YES;
				CLANG_WARN_ENUM_CONVERSION = YES;
				CLANG_WARN_INT_CONVERSION = YES;
				CLANG_WARN_OBJC_ROOT_CLASS = YES_ERROR;
				CLANG_WARN_UNREACHABLE_CODE = YES;
				CLANG_WARN__DUPLICATE_METHOD_MATCH = YES;
				"CODE_SIGN_IDENTITY[sdk=iphoneos*]" = "iPhone Developer";
				COPY_PHASE_STRIP = NO;
				DEBUG_INFORMATION_FORMAT = "dwarf-with-dsym";
				ENABLE_NS_ASSERTIONS = NO;
				ENABLE_STRICT_OBJC_MSGSEND = YES;
				GCC_C_LANGUAGE_STANDARD = gnu99;
				GCC_NO_COMMON_BLOCKS = YES;
				GCC_WARN_64_TO_32_BIT_CONVERSION = YES;
				GCC_WARN_ABOUT_RETURN_TYPE = YES_ERROR;
				GCC_WARN_UNDECLARED_SELECTOR = YES;
				GCC_WARN_UNINITIALIZED_AUTOS = YES_AGGRESSIVE;
				GCC_WARN_UNUSED_FUNCTION = YES;
				GCC_WARN_UNUSED_VARIABLE = YES;
				IPHONEOS_DEPLOYMENT_TARGET = 8.4;
				MTL_ENABLE_DEBUG_INFO = NO;
				SDKROOT = iphoneos;
				VALIDATE_PRODUCT = YES;
			};
			name = Release;
		};
		24BDE7691B671DD4003C18BE /* Debug */ = {
			isa = XCBuildConfiguration;
			buildSettings = {
				ASSETCATALOG_COMPILER_APPICON_NAME = AppIcon;
				INFOPLIST_FILE = TappyPlane/Info.plist;
				IPHONEOS_DEPLOYMENT_TARGET = 7.1;
				LD_RUNPATH_SEARCH_PATHS = "$(inherited) @executable_path/Frameworks";
				PRODUCT_NAME = "$(TARGET_NAME)";
				TARGETED_DEVICE_FAMILY = 1;
			};
			name = Debug;
		};
		24BDE76A1B671DD4003C18BE /* Release */ = {
			isa = XCBuildConfiguration;
			buildSettings = {
				ASSETCATALOG_COMPILER_APPICON_NAME = AppIcon;
				INFOPLIST_FILE = TappyPlane/Info.plist;
				IPHONEOS_DEPLOYMENT_TARGET = 7.1;
				LD_RUNPATH_SEARCH_PATHS = "$(inherited) @executable_path/Frameworks";
				PRODUCT_NAME = "$(TARGET_NAME)";
				TARGETED_DEVICE_FAMILY = 1;
			};
			name = Release;
		};
		24BDE76C1B671DD4003C18BE /* Debug */ = {
			isa = XCBuildConfiguration;
			buildSettings = {
				BUNDLE_LOADER = "$(TEST_HOST)";
				FRAMEWORK_SEARCH_PATHS = (
					"$(SDKROOT)/Developer/Library/Frameworks",
					"$(inherited)",
				);
				GCC_PREPROCESSOR_DEFINITIONS = (
					"DEBUG=1",
					"$(inherited)",
				);
				INFOPLIST_FILE = TappyPlaneTests/Info.plist;
				LD_RUNPATH_SEARCH_PATHS = "$(inherited) @executable_path/Frameworks @loader_path/Frameworks";
				PRODUCT_NAME = "$(TARGET_NAME)";
				TEST_HOST = "$(BUILT_PRODUCTS_DIR)/TappyPlane.app/TappyPlane";
			};
			name = Debug;
		};
		24BDE76D1B671DD4003C18BE /* Release */ = {
			isa = XCBuildConfiguration;
			buildSettings = {
				BUNDLE_LOADER = "$(TEST_HOST)";
				FRAMEWORK_SEARCH_PATHS = (
					"$(SDKROOT)/Developer/Library/Frameworks",
					"$(inherited)",
				);
				INFOPLIST_FILE = TappyPlaneTests/Info.plist;
				LD_RUNPATH_SEARCH_PATHS = "$(inherited) @executable_path/Frameworks @loader_path/Frameworks";
				PRODUCT_NAME = "$(TARGET_NAME)";
				TEST_HOST = "$(BUILT_PRODUCTS_DIR)/TappyPlane.app/TappyPlane";
			};
			name = Release;
		};
/* End XCBuildConfiguration section */

/* Begin XCConfigurationList section */
		24BDE7401B671DD3003C18BE /* Build configuration list for PBXProject "TappyPlane" */ = {
			isa = XCConfigurationList;
			buildConfigurations = (
				24BDE7661B671DD4003C18BE /* Debug */,
				24BDE7671B671DD4003C18BE /* Release */,
			);
			defaultConfigurationIsVisible = 0;
			defaultConfigurationName = Release;
		};
		24BDE7681B671DD4003C18BE /* Build configuration list for PBXNativeTarget "TappyPlane" */ = {
			isa = XCConfigurationList;
			buildConfigurations = (
				24BDE7691B671DD4003C18BE /* Debug */,
				24BDE76A1B671DD4003C18BE /* Release */,
			);
			defaultConfigurationIsVisible = 0;
			defaultConfigurationName = Release;
		};
		24BDE76B1B671DD4003C18BE /* Build configuration list for PBXNativeTarget "TappyPlaneTests" */ = {
			isa = XCConfigurationList;
			buildConfigurations = (
				24BDE76C1B671DD4003C18BE /* Debug */,
				24BDE76D1B671DD4003C18BE /* Release */,
			);
			defaultConfigurationIsVisible = 0;
			defaultConfigurationName = Release;
		};
/* End XCConfigurationList section */
	};
	rootObject = 24BDE73D1B671DD3003C18BE /* Project object */;
}
